// !$*UTF8*$!
{
	archiveVersion = 1;
	classes = {
	};
	objectVersion = 46;
	objects = {

/* Begin PBXBuildFile section */
		C748EA54171C75C500CAB770 /* Default-568h@2x.png in Resources */ = {isa = PBXBuildFile; fileRef = C748EA53171C75C500CAB770 /* Default-568h@2x.png */; };
		C748EA5A171CA20100CAB770 /* CLPGeodeticUTMConverter.m in Sources */ = {isa = PBXBuildFile; fileRef = C748EA58171CA20100CAB770 /* CLPGeodeticUTMConverter.m */; };
		C79D72AC185B0FBA0093985D /* CLPAddressAnnotation.m in Sources */ = {isa = PBXBuildFile; fileRef = C79D72A1185B0FBA0093985D /* CLPAddressAnnotation.m */; };
		C79D72AD185B0FBA0093985D /* CLPAppDelegate.m in Sources */ = {isa = PBXBuildFile; fileRef = C79D72A3185B0FBA0093985D /* CLPAppDelegate.m */; };
		C79D72AE185B0FBA0093985D /* CLPMapTestViewController.m in Sources */ = {isa = PBXBuildFile; fileRef = C79D72A5185B0FBA0093985D /* CLPMapTestViewController.m */; };
		C79D72AF185B0FBA0093985D /* CLPMapTestViewController.xib in Resources */ = {isa = PBXBuildFile; fileRef = C79D72A6185B0FBA0093985D /* CLPMapTestViewController.xib */; };
		C79D72B0185B0FBA0093985D /* InfoPlist.strings in Resources */ = {isa = PBXBuildFile; fileRef = C79D72A7185B0FBA0093985D /* InfoPlist.strings */; };
		C79D72B1185B0FBA0093985D /* main.m in Sources */ = {isa = PBXBuildFile; fileRef = C79D72A9185B0FBA0093985D /* main.m */; };
		C7D6D3E91598F89600CDB537 /* UIKit.framework in Frameworks */ = {isa = PBXBuildFile; fileRef = C7D6D3E81598F89600CDB537 /* UIKit.framework */; };
		C7D6D3EB1598F89600CDB537 /* Foundation.framework in Frameworks */ = {isa = PBXBuildFile; fileRef = C7D6D3EA1598F89600CDB537 /* Foundation.framework */; };
		C7D6D3ED1598F89600CDB537 /* CoreGraphics.framework in Frameworks */ = {isa = PBXBuildFile; fileRef = C7D6D3EC1598F89600CDB537 /* CoreGraphics.framework */; };
		C7D6D4011598F89600CDB537 /* SenTestingKit.framework in Frameworks */ = {isa = PBXBuildFile; fileRef = C7D6D4001598F89600CDB537 /* SenTestingKit.framework */; };
		C7D6D4021598F89600CDB537 /* UIKit.framework in Frameworks */ = {isa = PBXBuildFile; fileRef = C7D6D3E81598F89600CDB537 /* UIKit.framework */; };
		C7D6D4031598F89600CDB537 /* Foundation.framework in Frameworks */ = {isa = PBXBuildFile; fileRef = C7D6D3EA1598F89600CDB537 /* Foundation.framework */; };
		C7D6D40B1598F89600CDB537 /* InfoPlist.strings in Resources */ = {isa = PBXBuildFile; fileRef = C7D6D4091598F89600CDB537 /* InfoPlist.strings */; };
		C7D6D40E1598F89600CDB537 /* UTMConverterTests.m in Sources */ = {isa = PBXBuildFile; fileRef = C7D6D40D1598F89600CDB537 /* UTMConverterTests.m */; };
		C7D6D4201598FE2B00CDB537 /* MapKit.framework in Frameworks */ = {isa = PBXBuildFile; fileRef = C7D6D41F1598FE2A00CDB537 /* MapKit.framework */; };
/* End PBXBuildFile section */

/* Begin PBXContainerItemProxy section */
		C7D6D4041598F89600CDB537 /* PBXContainerItemProxy */ = {
			isa = PBXContainerItemProxy;
			containerPortal = C7D6D3DB1598F89600CDB537 /* Project object */;
			proxyType = 1;
			remoteGlobalIDString = C7D6D3E31598F89600CDB537;
			remoteInfo = UTMConverter;
		};
/* End PBXContainerItemProxy section */

/* Begin PBXFileReference section */
		C748EA53171C75C500CAB770 /* Default-568h@2x.png */ = {isa = PBXFileReference; lastKnownFileType = image.png; path = "Default-568h@2x.png"; sourceTree = "<group>"; };
		C748EA57171CA20100CAB770 /* CLPGeodeticUTMConverter.h */ = {isa = PBXFileReference; fileEncoding = 4; lastKnownFileType = sourcecode.c.h; path = CLPGeodeticUTMConverter.h; sourceTree = "<group>"; };
		C748EA58171CA20100CAB770 /* CLPGeodeticUTMConverter.m */ = {isa = PBXFileReference; fileEncoding = 4; lastKnownFileType = sourcecode.c.objc; path = CLPGeodeticUTMConverter.m; sourceTree = "<group>"; };
		C79D72A0185B0FBA0093985D /* CLPAddressAnnotation.h */ = {isa = PBXFileReference; fileEncoding = 4; lastKnownFileType = sourcecode.c.h; path = CLPAddressAnnotation.h; sourceTree = "<group>"; };
		C79D72A1185B0FBA0093985D /* CLPAddressAnnotation.m */ = {isa = PBXFileReference; fileEncoding = 4; lastKnownFileType = sourcecode.c.objc; path = CLPAddressAnnotation.m; sourceTree = "<group>"; };
		C79D72A2185B0FBA0093985D /* CLPAppDelegate.h */ = {isa = PBXFileReference; fileEncoding = 4; lastKnownFileType = sourcecode.c.h; path = CLPAppDelegate.h; sourceTree = "<group>"; };
		C79D72A3185B0FBA0093985D /* CLPAppDelegate.m */ = {isa = PBXFileReference; fileEncoding = 4; lastKnownFileType = sourcecode.c.objc; path = CLPAppDelegate.m; sourceTree = "<group>"; };
		C79D72A4185B0FBA0093985D /* CLPMapTestViewController.h */ = {isa = PBXFileReference; fileEncoding = 4; lastKnownFileType = sourcecode.c.h; path = CLPMapTestViewController.h; sourceTree = "<group>"; };
		C79D72A5185B0FBA0093985D /* CLPMapTestViewController.m */ = {isa = PBXFileReference; fileEncoding = 4; lastKnownFileType = sourcecode.c.objc; path = CLPMapTestViewController.m; sourceTree = "<group>"; };
		C79D72A6185B0FBA0093985D /* CLPMapTestViewController.xib */ = {isa = PBXFileReference; fileEncoding = 4; lastKnownFileType = file.xib; path = CLPMapTestViewController.xib; sourceTree = "<group>"; };
		C79D72A8185B0FBA0093985D /* en */ = {isa = PBXFileReference; lastKnownFileType = text.plist.strings; name = en; path = en.lproj/InfoPlist.strings; sourceTree = "<group>"; };
		C79D72A9185B0FBA0093985D /* main.m */ = {isa = PBXFileReference; fileEncoding = 4; lastKnownFileType = sourcecode.c.objc; path = main.m; sourceTree = "<group>"; };
		C79D72AA185B0FBA0093985D /* UTMConverter-Info.plist */ = {isa = PBXFileReference; fileEncoding = 4; lastKnownFileType = text.plist.xml; path = "UTMConverter-Info.plist"; sourceTree = "<group>"; };
		C79D72AB185B0FBA0093985D /* UTMConverter-Prefix.pch */ = {isa = PBXFileReference; fileEncoding = 4; lastKnownFileType = sourcecode.c.h; path = "UTMConverter-Prefix.pch"; sourceTree = "<group>"; };
		C7D6D3E41598F89600CDB537 /* UTMConverter.app */ = {isa = PBXFileReference; explicitFileType = wrapper.application; includeInIndex = 0; path = UTMConverter.app; sourceTree = BUILT_PRODUCTS_DIR; };
		C7D6D3E81598F89600CDB537 /* UIKit.framework */ = {isa = PBXFileReference; lastKnownFileType = wrapper.framework; name = UIKit.framework; path = System/Library/Frameworks/UIKit.framework; sourceTree = SDKROOT; };
		C7D6D3EA1598F89600CDB537 /* Foundation.framework */ = {isa = PBXFileReference; lastKnownFileType = wrapper.framework; name = Foundation.framework; path = System/Library/Frameworks/Foundation.framework; sourceTree = SDKROOT; };
		C7D6D3EC1598F89600CDB537 /* CoreGraphics.framework */ = {isa = PBXFileReference; lastKnownFileType = wrapper.framework; name = CoreGraphics.framework; path = System/Library/Frameworks/CoreGraphics.framework; sourceTree = SDKROOT; };
		C7D6D3FF1598F89600CDB537 /* UTMConverterTests.octest */ = {isa = PBXFileReference; explicitFileType = wrapper.cfbundle; includeInIndex = 0; path = UTMConverterTests.octest; sourceTree = BUILT_PRODUCTS_DIR; };
		C7D6D4001598F89600CDB537 /* SenTestingKit.framework */ = {isa = PBXFileReference; lastKnownFileType = wrapper.framework; name = SenTestingKit.framework; path = Library/Frameworks/SenTestingKit.framework; sourceTree = DEVELOPER_DIR; };
		C7D6D4081598F89600CDB537 /* UTMConverterTests-Info.plist */ = {isa = PBXFileReference; lastKnownFileType = text.plist.xml; path = "UTMConverterTests-Info.plist"; sourceTree = "<group>"; };
		C7D6D40A1598F89600CDB537 /* en */ = {isa = PBXFileReference; lastKnownFileType = text.plist.strings; name = en; path = en.lproj/InfoPlist.strings; sourceTree = "<group>"; };
		C7D6D40C1598F89600CDB537 /* UTMConverterTests.h */ = {isa = PBXFileReference; lastKnownFileType = sourcecode.c.h; path = UTMConverterTests.h; sourceTree = "<group>"; };
		C7D6D40D1598F89600CDB537 /* UTMConverterTests.m */ = {isa = PBXFileReference; lastKnownFileType = sourcecode.c.objc; path = UTMConverterTests.m; sourceTree = "<group>"; };
		C7D6D41F1598FE2A00CDB537 /* MapKit.framework */ = {isa = PBXFileReference; lastKnownFileType = wrapper.framework; name = MapKit.framework; path = System/Library/Frameworks/MapKit.framework; sourceTree = SDKROOT; };
/* End PBXFileReference section */

/* Begin PBXFrameworksBuildPhase section */
		C7D6D3E11598F89600CDB537 /* Frameworks */ = {
			isa = PBXFrameworksBuildPhase;
			buildActionMask = 2147483647;
			files = (
				C7D6D4201598FE2B00CDB537 /* MapKit.framework in Frameworks */,
				C7D6D3E91598F89600CDB537 /* UIKit.framework in Frameworks */,
				C7D6D3EB1598F89600CDB537 /* Foundation.framework in Frameworks */,
				C7D6D3ED1598F89600CDB537 /* CoreGraphics.framework in Frameworks */,
			);
			runOnlyForDeploymentPostprocessing = 0;
		};
		C7D6D3FB1598F89600CDB537 /* Frameworks */ = {
			isa = PBXFrameworksBuildPhase;
			buildActionMask = 2147483647;
			files = (
				C7D6D4011598F89600CDB537 /* SenTestingKit.framework in Frameworks */,
				C7D6D4021598F89600CDB537 /* UIKit.framework in Frameworks */,
				C7D6D4031598F89600CDB537 /* Foundation.framework in Frameworks */,
			);
			runOnlyForDeploymentPostprocessing = 0;
		};
/* End PBXFrameworksBuildPhase section */

/* Begin PBXGroup section */
		C748EA56171CA20100CAB770 /* Classes */ = {
			isa = PBXGroup;
			children = (
				C748EA57171CA20100CAB770 /* CLPGeodeticUTMConverter.h */,
				C748EA58171CA20100CAB770 /* CLPGeodeticUTMConverter.m */,
			);
			path = Classes;
			sourceTree = "<group>";
		};
		C79D729F185B0FBA0093985D /* Example */ = {
			isa = PBXGroup;
			children = (
				C79D72A0185B0FBA0093985D /* CLPAddressAnnotation.h */,
				C79D72A1185B0FBA0093985D /* CLPAddressAnnotation.m */,
				C79D72A2185B0FBA0093985D /* CLPAppDelegate.h */,
				C79D72A3185B0FBA0093985D /* CLPAppDelegate.m */,
				C79D72A4185B0FBA0093985D /* CLPMapTestViewController.h */,
				C79D72A5185B0FBA0093985D /* CLPMapTestViewController.m */,
				C79D72A6185B0FBA0093985D /* CLPMapTestViewController.xib */,
				C79D72A7185B0FBA0093985D /* InfoPlist.strings */,
				C79D72A9185B0FBA0093985D /* main.m */,
				C79D72AA185B0FBA0093985D /* UTMConverter-Info.plist */,
				C79D72AB185B0FBA0093985D /* UTMConverter-Prefix.pch */,
			);
			path = Example;
			sourceTree = "<group>";
		};
		C7D6D3D91598F89600CDB537 = {
			isa = PBXGroup;
			children = (
				C748EA53171C75C500CAB770 /* Default-568h@2x.png */,
				C7D6D3EE1598F89600CDB537 /* UTMConverter */,
				C7D6D4061598F89600CDB537 /* UTMConverterTests */,
				C7D6D3E71598F89600CDB537 /* Frameworks */,
				C7D6D3E51598F89600CDB537 /* Products */,
			);
			sourceTree = "<group>";
		};
		C7D6D3E51598F89600CDB537 /* Products */ = {
			isa = PBXGroup;
			children = (
				C7D6D3E41598F89600CDB537 /* UTMConverter.app */,
				C7D6D3FF1598F89600CDB537 /* UTMConverterTests.octest */,
			);
			name = Products;
			sourceTree = "<group>";
		};
		C7D6D3E71598F89600CDB537 /* Frameworks */ = {
			isa = PBXGroup;
			children = (
				C7D6D41F1598FE2A00CDB537 /* MapKit.framework */,
				C7D6D3E81598F89600CDB537 /* UIKit.framework */,
				C7D6D3EA1598F89600CDB537 /* Foundation.framework */,
				C7D6D3EC1598F89600CDB537 /* CoreGraphics.framework */,
				C7D6D4001598F89600CDB537 /* SenTestingKit.framework */,
			);
			name = Frameworks;
			sourceTree = "<group>";
		};
		C7D6D3EE1598F89600CDB537 /* UTMConverter */ = {
			isa = PBXGroup;
			children = (
				C79D729F185B0FBA0093985D /* Example */,
				C748EA56171CA20100CAB770 /* Classes */,
			);
			path = UTMConverter;
			sourceTree = "<group>";
		};
		C7D6D4061598F89600CDB537 /* UTMConverterTests */ = {
			isa = PBXGroup;
			children = (
				C7D6D40C1598F89600CDB537 /* UTMConverterTests.h */,
				C7D6D40D1598F89600CDB537 /* UTMConverterTests.m */,
				C7D6D4071598F89600CDB537 /* Supporting Files */,
			);
			path = UTMConverterTests;
			sourceTree = "<group>";
		};
		C7D6D4071598F89600CDB537 /* Supporting Files */ = {
			isa = PBXGroup;
			children = (
				C7D6D4081598F89600CDB537 /* UTMConverterTests-Info.plist */,
				C7D6D4091598F89600CDB537 /* InfoPlist.strings */,
			);
			name = "Supporting Files";
			sourceTree = "<group>";
		};
/* End PBXGroup section */

/* Begin PBXNativeTarget section */
		C7D6D3E31598F89600CDB537 /* UTMConverter */ = {
			isa = PBXNativeTarget;
			buildConfigurationList = C7D6D4111598F89600CDB537 /* Build configuration list for PBXNativeTarget "UTMConverter" */;
			buildPhases = (
				C7D6D3E01598F89600CDB537 /* Sources */,
				C7D6D3E11598F89600CDB537 /* Frameworks */,
				C7D6D3E21598F89600CDB537 /* Resources */,
			);
			buildRules = (
			);
			dependencies = (
			);
			name = UTMConverter;
			productName = UTMConverter;
			productReference = C7D6D3E41598F89600CDB537 /* UTMConverter.app */;
			productType = "com.apple.product-type.application";
		};
		C7D6D3FE1598F89600CDB537 /* UTMConverterTests */ = {
			isa = PBXNativeTarget;
			buildConfigurationList = C7D6D4141598F89600CDB537 /* Build configuration list for PBXNativeTarget "UTMConverterTests" */;
			buildPhases = (
				C7D6D3FA1598F89600CDB537 /* Sources */,
				C7D6D3FB1598F89600CDB537 /* Frameworks */,
				C7D6D3FC1598F89600CDB537 /* Resources */,
				C7D6D3FD1598F89600CDB537 /* ShellScript */,
			);
			buildRules = (
			);
			dependencies = (
				C7D6D4051598F89600CDB537 /* PBXTargetDependency */,
			);
			name = UTMConverterTests;
			productName = UTMConverterTests;
			productReference = C7D6D3FF1598F89600CDB537 /* UTMConverterTests.octest */;
			productType = "com.apple.product-type.bundle";
		};
/* End PBXNativeTarget section */

/* Begin PBXProject section */
		C7D6D3DB1598F89600CDB537 /* Project object */ = {
			isa = PBXProject;
			attributes = {
				LastUpgradeCheck = 0500;
			};
			buildConfigurationList = C7D6D3DE1598F89600CDB537 /* Build configuration list for PBXProject "UTMConverter" */;
			compatibilityVersion = "Xcode 3.2";
			developmentRegion = English;
			hasScannedForEncodings = 0;
			knownRegions = (
				en,
			);
			mainGroup = C7D6D3D91598F89600CDB537;
			productRefGroup = C7D6D3E51598F89600CDB537 /* Products */;
			projectDirPath = "";
			projectRoot = "";
			targets = (
				C7D6D3E31598F89600CDB537 /* UTMConverter */,
				C7D6D3FE1598F89600CDB537 /* UTMConverterTests */,
			);
		};
/* End PBXProject section */

/* Begin PBXResourcesBuildPhase section */
		C7D6D3E21598F89600CDB537 /* Resources */ = {
			isa = PBXResourcesBuildPhase;
			buildActionMask = 2147483647;
			files = (
				C79D72AF185B0FBA0093985D /* CLPMapTestViewController.xib in Resources */,
				C79D72B0185B0FBA0093985D /* InfoPlist.strings in Resources */,
				C748EA54171C75C500CAB770 /* Default-568h@2x.png in Resources */,
			);
			runOnlyForDeploymentPostprocessing = 0;
		};
		C7D6D3FC1598F89600CDB537 /* Resources */ = {
			isa = PBXResourcesBuildPhase;
			buildActionMask = 2147483647;
			files = (
				C7D6D40B1598F89600CDB537 /* InfoPlist.strings in Resources */,
			);
			runOnlyForDeploymentPostprocessing = 0;
		};
/* End PBXResourcesBuildPhase section */

/* Begin PBXShellScriptBuildPhase section */
		C7D6D3FD1598F89600CDB537 /* ShellScript */ = {
			isa = PBXShellScriptBuildPhase;
			buildActionMask = 2147483647;
			files = (
			);
			inputPaths = (
			);
			outputPaths = (
			);
			runOnlyForDeploymentPostprocessing = 0;
			shellPath = /bin/sh;
			shellScript = "# Run the unit tests in this test bundle.\n\"${SYSTEM_DEVELOPER_DIR}/Tools/RunUnitTests\"\n";
		};
/* End PBXShellScriptBuildPhase section */

/* Begin PBXSourcesBuildPhase section */
		C7D6D3E01598F89600CDB537 /* Sources */ = {
			isa = PBXSourcesBuildPhase;
			buildActionMask = 2147483647;
			files = (
				C79D72B1185B0FBA0093985D /* main.m in Sources */,
				C79D72AE185B0FBA0093985D /* CLPMapTestViewController.m in Sources */,
				C748EA5A171CA20100CAB770 /* CLPGeodeticUTMConverter.m in Sources */,
				C79D72AD185B0FBA0093985D /* CLPAppDelegate.m in Sources */,
				C79D72AC185B0FBA0093985D /* CLPAddressAnnotation.m in Sources */,
			);
			runOnlyForDeploymentPostprocessing = 0;
		};
		C7D6D3FA1598F89600CDB537 /* Sources */ = {
			isa = PBXSourcesBuildPhase;
			buildActionMask = 2147483647;
			files = (
				C7D6D40E1598F89600CDB537 /* UTMConverterTests.m in Sources */,
			);
			runOnlyForDeploymentPostprocessing = 0;
		};
/* End PBXSourcesBuildPhase section */

/* Begin PBXTargetDependency section */
		C7D6D4051598F89600CDB537 /* PBXTargetDependency */ = {
			isa = PBXTargetDependency;
			target = C7D6D3E31598F89600CDB537 /* UTMConverter */;
			targetProxy = C7D6D4041598F89600CDB537 /* PBXContainerItemProxy */;
		};
/* End PBXTargetDependency section */

/* Begin PBXVariantGroup section */
		C79D72A7185B0FBA0093985D /* InfoPlist.strings */ = {
			isa = PBXVariantGroup;
			children = (
				C79D72A8185B0FBA0093985D /* en */,
			);
			name = InfoPlist.strings;
			sourceTree = "<group>";
		};
		C7D6D4091598F89600CDB537 /* InfoPlist.strings */ = {
			isa = PBXVariantGroup;
			children = (
				C7D6D40A1598F89600CDB537 /* en */,
			);
			name = InfoPlist.strings;
			sourceTree = "<group>";
		};
/* End PBXVariantGroup section */

/* Begin XCBuildConfiguration section */
		C7D6D40F1598F89600CDB537 /* Debug */ = {
			isa = XCBuildConfiguration;
			buildSettings = {
				ALWAYS_SEARCH_USER_PATHS = NO;
				CLANG_WARN_CONSTANT_CONVERSION = YES;
				CLANG_WARN_ENUM_CONVERSION = YES;
				CLANG_WARN_INT_CONVERSION = YES;
				CLANG_WARN__DUPLICATE_METHOD_MATCH = YES;
				"CODE_SIGN_IDENTITY[sdk=iphoneos*]" = "iPhone Developer";
				COPY_PHASE_STRIP = NO;
				GCC_C_LANGUAGE_STANDARD = gnu99;
				GCC_DYNAMIC_NO_PIC = NO;
				GCC_OPTIMIZATION_LEVEL = 0;
				GCC_PREPROCESSOR_DEFINITIONS = (
					"DEBUG=1",
					"$(inherited)",
				);
				GCC_SYMBOLS_PRIVATE_EXTERN = NO;
				GCC_VERSION = "";
				GCC_WARN_ABOUT_MISSING_PROTOTYPES = YES;
				GCC_WARN_ABOUT_RETURN_TYPE = YES;
				GCC_WARN_UNINITIALIZED_AUTOS = YES;
				GCC_WARN_UNUSED_VARIABLE = YES;
				IPHONEOS_DEPLOYMENT_TARGET = 6.0;
				ONLY_ACTIVE_ARCH = YES;
				SDKROOT = iphoneos;
			};
			name = Debug;
		};
		C7D6D4101598F89600CDB537 /* Release */ = {
			isa = XCBuildConfiguration;
			buildSettings = {
				ALWAYS_SEARCH_USER_PATHS = NO;
				CLANG_WARN_CONSTANT_CONVERSION = YES;
				CLANG_WARN_ENUM_CONVERSION = YES;
				CLANG_WARN_INT_CONVERSION = YES;
				CLANG_WARN__DUPLICATE_METHOD_MATCH = YES;
				"CODE_SIGN_IDENTITY[sdk=iphoneos*]" = "iPhone Developer";
				COPY_PHASE_STRIP = YES;
				GCC_C_LANGUAGE_STANDARD = gnu99;
				GCC_VERSION = "";
				GCC_WARN_ABOUT_MISSING_PROTOTYPES = YES;
				GCC_WARN_ABOUT_RETURN_TYPE = YES;
				GCC_WARN_UNINITIALIZED_AUTOS = YES;
				GCC_WARN_UNUSED_VARIABLE = YES;
				IPHONEOS_DEPLOYMENT_TARGET = 6.0;
				OTHER_CFLAGS = "-DNS_BLOCK_ASSERTIONS=1";
				SDKROOT = iphoneos;
				VALIDATE_PRODUCT = YES;
			};
			name = Release;
		};
		C7D6D4121598F89600CDB537 /* Debug */ = {
			isa = XCBuildConfiguration;
			buildSettings = {
				ARCHS = "$(ARCHS_STANDARD_INCLUDING_64_BIT)";
				CLANG_ENABLE_OBJC_ARC = YES;
				GCC_PREFIX_HEADER = "UTMConverter/Example/UTMConverter-Prefix.pch";
				INFOPLIST_FILE = "UTMConverter/Example/UTMConverter-Info.plist";
				PRODUCT_NAME = "$(TARGET_NAME)";
				WRAPPER_EXTENSION = app;
			};
			name = Debug;
		};
		C7D6D4131598F89600CDB537 /* Release */ = {
			isa = XCBuildConfiguration;
			buildSettings = {
				ARCHS = "$(ARCHS_STANDARD_INCLUDING_64_BIT)";
				CLANG_ENABLE_OBJC_ARC = YES;
				GCC_PREFIX_HEADER = "UTMConverter/Example/UTMConverter-Prefix.pch";
				INFOPLIST_FILE = "UTMConverter/Example/UTMConverter-Info.plist";
				PRODUCT_NAME = "$(TARGET_NAME)";
				WRAPPER_EXTENSION = app;
			};
			name = Release;
		};
		C7D6D4151598F89600CDB537 /* Debug */ = {
			isa = XCBuildConfiguration;
			buildSettings = {
				BUNDLE_LOADER = "$(BUILT_PRODUCTS_DIR)/UTMConverter.app/UTMConverter";
				FRAMEWORK_SEARCH_PATHS = (
					"$(SDKROOT)/Developer/Library/Frameworks",
					"$(DEVELOPER_LIBRARY_DIR)/Frameworks",
				);
				GCC_PRECOMPILE_PREFIX_HEADER = YES;
				GCC_PREFIX_HEADER = "UTMConverter/UTMConverter-Prefix.pch";
				INFOPLIST_FILE = "UTMConverterTests/UTMConverterTests-Info.plist";
				PRODUCT_NAME = "$(TARGET_NAME)";
				TEST_HOST = "$(BUNDLE_LOADER)";
				WRAPPER_EXTENSION = octest;
			};
			name = Debug;
		};
		C7D6D4161598F89600CDB537 /* Release */ = {
			isa = XCBuildConfiguration;
			buildSettings = {
				BUNDLE_LOADER = "$(BUILT_PRODUCTS_DIR)/UTMConverter.app/UTMConverter";
				FRAMEWORK_SEARCH_PATHS = (
					"$(SDKROOT)/Developer/Library/Frameworks",
					"$(DEVELOPER_LIBRARY_DIR)/Frameworks",
				);
				GCC_PRECOMPILE_PREFIX_HEADER = YES;
				GCC_PREFIX_HEADER = "UTMConverter/UTMConverter-Prefix.pch";
				INFOPLIST_FILE = "UTMConverterTests/UTMConverterTests-Info.plist";
				PRODUCT_NAME = "$(TARGET_NAME)";
				TEST_HOST = "$(BUNDLE_LOADER)";
				WRAPPER_EXTENSION = octest;
			};
			name = Release;
		};
/* End XCBuildConfiguration section */

/* Begin XCConfigurationList section */
		C7D6D3DE1598F89600CDB537 /* Build configuration list for PBXProject "UTMConverter" */ = {
			isa = XCConfigurationList;
			buildConfigurations = (
				C7D6D40F1598F89600CDB537 /* Debug */,
				C7D6D4101598F89600CDB537 /* Release */,
			);
			defaultConfigurationIsVisible = 0;
			defaultConfigurationName = Release;
		};
		C7D6D4111598F89600CDB537 /* Build configuration list for PBXNativeTarget "UTMConverter" */ = {
			isa = XCConfigurationList;
			buildConfigurations = (
				C7D6D4121598F89600CDB537 /* Debug */,
				C7D6D4131598F89600CDB537 /* Release */,
			);
			defaultConfigurationIsVisible = 0;
			defaultConfigurationName = Release;
		};
		C7D6D4141598F89600CDB537 /* Build configuration list for PBXNativeTarget "UTMConverterTests" */ = {
			isa = XCConfigurationList;
			buildConfigurations = (
				C7D6D4151598F89600CDB537 /* Debug */,
				C7D6D4161598F89600CDB537 /* Release */,
			);
			defaultConfigurationIsVisible = 0;
			defaultConfigurationName = Release;
		};
/* End XCConfigurationList section */
	};
	rootObject = C7D6D3DB1598F89600CDB537 /* Project object */;
}
